
Microsoft Visual Studio Solution File, Format Version 12.00
# Visual Studio 15
VisualStudioVersion = 15.0.28307.271
MinimumVisualStudioVersion = 10.0.40219.1
Project("{8BC9CEB8-8B4A-11D0-8D11-00A0C91BC942}") = "EmuSDK", "EmuSDK.vcxproj", "{AEF24743-9D8D-4B0C-8ECB-9DEC020976D9}"
EndProject
Global
	GlobalSection(SolutionConfigurationPlatforms) = preSolution
		Debug|x64 = Debug|x64
		Debug|x86 = Debug|x86
		Release|x64 = Release|x64
		Release|x86 = Release|x86
	EndGlobalSection
	GlobalSection(ProjectConfigurationPlatforms) = postSolution
		{AEF24743-9D8D-4B0C-8ECB-9DEC020976D9}.Debug|x64.ActiveCfg = Debug|x64
		{AEF24743-9D8D-4B0C-8ECB-9DEC020976D9}.Debug|x64.Build.0 = Debug|x64
		{AEF24743-9D8D-4B0C-8ECB-9DEC020976D9}.Debug|x86.ActiveCfg = Debug|Win32
		{AEF24743-9D8D-4B0C-8ECB-9DEC020976D9}.Debug|x86.Build.0 = Debug|Win32
		{AEF24743-9D8D-4B0C-8ECB-9DEC020976D9}.Release|x64.ActiveCfg = Release|x64
		{AEF24743-9D8D-4B0C-8ECB-9DEC020976D9}.Release|x64.Build.0 = Release|x64
		{AEF24743-9D8D-4B0C-8ECB-9DEC020976D9}.Release|x86.ActiveCfg = Release|Win32
		{AEF24743-9D8D-4B0C-8ECB-9DEC020976D9}.Release|x86.Build.0 = Release|Win32
	EndGlobalSection
	GlobalSection(SolutionProperties) = preSolution
		HideSolutionNode = FALSE
	EndGlobalSection
	GlobalSection(ExtensibilityGlobals) = postSolution
		SolutionGuid = {F129A25E-973C-49E8-9E01-A5656C6C39C3}
	EndGlobalSection
EndGlobal
